
Microsoft Visual Studio Solution File, Format Version 12.00
# Visual Studio Version 17
VisualStudioVersion = 17.10.35122.118
MinimumVisualStudioVersion = 10.0.40219.1
Project("{FAE04EC0-301F-11D3-BF4B-00C04F79EFBC}") = "Dia22_08", "Dia22_08.csproj", "{212F78D3-5FFD-4294-AA66-D17723739469}"
EndProject
Global
	GlobalSection(SolutionConfigurationPlatforms) = preSolution
		Debug|Any CPU = Debug|Any CPU
		Release|Any CPU = Release|Any CPU
	EndGlobalSection
	GlobalSection(ProjectConfigurationPlatforms) = postSolution
		{212F78D3-5FFD-4294-AA66-D17723739469}.Debug|Any CPU.ActiveCfg = Debug|Any CPU
		{212F78D3-5FFD-4294-AA66-D17723739469}.Debug|Any CPU.Build.0 = Debug|Any CPU
		{212F78D3-5FFD-4294-AA66-D17723739469}.Release|Any CPU.ActiveCfg = Release|Any CPU
		{212F78D3-5FFD-4294-AA66-D17723739469}.Release|Any CPU.Build.0 = Release|Any CPU
	EndGlobalSection
	GlobalSection(SolutionProperties) = preSolution
		HideSolutionNode = FALSE
	EndGlobalSection
	GlobalSection(ExtensibilityGlobals) = postSolution
		SolutionGuid = {929622AC-A11C-4699-AD85-5C2E23F0E68D}
	EndGlobalSection
EndGlobal
